
Microsoft Visual Studio Solution File, Format Version 12.00
# Visual Studio Version 16
VisualStudioVersion = 16.0.29411.108
MinimumVisualStudioVersion = 10.0.40219.1
Project("{9A19103F-16F7-4668-BE54-9A1E7A4F7556}") = "SmartPointe", "SmartPointeDataAccess\SmartPointe.csproj", "{872C4ACA-732B-465A-930E-7E8288608CA0}"
EndProject
Global
	GlobalSection(SolutionConfigurationPlatforms) = preSolution
		Debug|Any CPU = Debug|Any CPU
		Release|Any CPU = Release|Any CPU
	EndGlobalSection
	GlobalSection(ProjectConfigurationPlatforms) = postSolution
		{872C4ACA-732B-465A-930E-7E8288608CA0}.Debug|Any CPU.ActiveCfg = Debug|Any CPU
		{872C4ACA-732B-465A-930E-7E8288608CA0}.Debug|Any CPU.Build.0 = Debug|Any CPU
		{872C4ACA-732B-465A-930E-7E8288608CA0}.Release|Any CPU.ActiveCfg = Release|Any CPU
		{872C4ACA-732B-465A-930E-7E8288608CA0}.Release|Any CPU.Build.0 = Release|Any CPU
	EndGlobalSection
	GlobalSection(SolutionProperties) = preSolution
		HideSolutionNode = FALSE
	EndGlobalSection
	GlobalSection(ExtensibilityGlobals) = postSolution
		SolutionGuid = {B246B454-9AD0-40C9-B826-5AF3DD29FAE8}
	EndGlobalSection
EndGlobal
